
Microsoft Visual Studio Solution File, Format Version 10.00
# Visual Studio 2008
Project("{FAE04EC0-301F-11D3-BF4B-00C04F79EFBC}") = "Awesome", "Awesome\Awesome.csproj", "{083A4F4A-1B54-402F-A3CA-5011947C210C}"
EndProject
Project("{FAE04EC0-301F-11D3-BF4B-00C04F79EFBC}") = "MusicIdentifier", "MusicIdentifier\MusicIdentifier.csproj", "{28D080F7-161C-43F0-9BA1-C2FE11BAD334}"
EndProject
Project("{FAE04EC0-301F-11D3-BF4B-00C04F79EFBC}") = "TestPlayer", "TestPlayer\TestPlayer.csproj", "{36838DB7-F143-4EB0-9AA4-AB9652B51F8E}"
EndProject
Project("{FAE04EC0-301F-11D3-BF4B-00C04F79EFBC}") = "MusicIdentifierTest", "MusicIdentifierTest\MusicIdentifierTest.csproj", "{0AB5D7F5-736A-4D5B-8E3B-750663FF7770}"
EndProject
Project("{2150E333-8FDC-42A3-9474-1A3956D46DE8}") = "Solution Items", "Solution Items", "{501526FB-8BEA-4F5A-8A22-ABAE18B9CA7A}"
	ProjectSection(SolutionItems) = preProject
		LocalTestRun.testrunconfig = LocalTestRun.testrunconfig
		Shazam.vsmdi = Shazam.vsmdi
	EndProjectSection
EndProject
Project("{FAE04EC0-301F-11D3-BF4B-00C04F79EFBC}") = "Renamer", "Renamer\Renamer.csproj", "{F774F115-D995-46B1-AF93-1749E03AD4D3}"
EndProject
Project("{FAE04EC0-301F-11D3-BF4B-00C04F79EFBC}") = "yeti.mmedia", "yeti.mmedia\yeti.mmedia.csproj", "{315EE7BF-EAE2-42C0-BFC6-CCA9160F3CFE}"
EndProject
Project("{FAE04EC0-301F-11D3-BF4B-00C04F79EFBC}") = "yeti.wmfsdk", "yeti.wmfsdk\yeti.wmfsdk.csproj", "{FECB5BEB-AB05-454A-BB14-6A554E897274}"
EndProject
Project("{FAE04EC0-301F-11D3-BF4B-00C04F79EFBC}") = "Exocortex.DSP.v1", "ExocortexDSP\Exocortex.DSP.v1.csproj", "{1904A41B-D1B8-40E5-ADBB-728DDCF7C816}"
EndProject
Global
	GlobalSection(SolutionConfigurationPlatforms) = preSolution
		Debug|Any CPU = Debug|Any CPU
		Debug|Mixed Platforms = Debug|Mixed Platforms
		Debug|Win32 = Debug|Win32
		Release|Any CPU = Release|Any CPU
		Release|Mixed Platforms = Release|Mixed Platforms
		Release|Win32 = Release|Win32
	EndGlobalSection
	GlobalSection(ProjectConfigurationPlatforms) = postSolution
		{083A4F4A-1B54-402F-A3CA-5011947C210C}.Debug|Any CPU.ActiveCfg = Debug|Any CPU
		{083A4F4A-1B54-402F-A3CA-5011947C210C}.Debug|Any CPU.Build.0 = Debug|Any CPU
		{083A4F4A-1B54-402F-A3CA-5011947C210C}.Debug|Mixed Platforms.ActiveCfg = Debug|Any CPU
		{083A4F4A-1B54-402F-A3CA-5011947C210C}.Debug|Mixed Platforms.Build.0 = Debug|Any CPU
		{083A4F4A-1B54-402F-A3CA-5011947C210C}.Debug|Win32.ActiveCfg = Debug|Any CPU
		{083A4F4A-1B54-402F-A3CA-5011947C210C}.Release|Any CPU.ActiveCfg = Release|Any CPU
		{083A4F4A-1B54-402F-A3CA-5011947C210C}.Release|Any CPU.Build.0 = Release|Any CPU
		{083A4F4A-1B54-402F-A3CA-5011947C210C}.Release|Mixed Platforms.ActiveCfg = Release|Any CPU
		{083A4F4A-1B54-402F-A3CA-5011947C210C}.Release|Mixed Platforms.Build.0 = Release|Any CPU
		{083A4F4A-1B54-402F-A3CA-5011947C210C}.Release|Win32.ActiveCfg = Release|Any CPU
		{28D080F7-161C-43F0-9BA1-C2FE11BAD334}.Debug|Any CPU.ActiveCfg = Debug|Any CPU
		{28D080F7-161C-43F0-9BA1-C2FE11BAD334}.Debug|Any CPU.Build.0 = Debug|Any CPU
		{28D080F7-161C-43F0-9BA1-C2FE11BAD334}.Debug|Mixed Platforms.ActiveCfg = Debug|Any CPU
		{28D080F7-161C-43F0-9BA1-C2FE11BAD334}.Debug|Mixed Platforms.Build.0 = Debug|Any CPU
		{28D080F7-161C-43F0-9BA1-C2FE11BAD334}.Debug|Win32.ActiveCfg = Debug|Any CPU
		{28D080F7-161C-43F0-9BA1-C2FE11BAD334}.Release|Any CPU.ActiveCfg = Release|Any CPU
		{28D080F7-161C-43F0-9BA1-C2FE11BAD334}.Release|Any CPU.Build.0 = Release|Any CPU
		{28D080F7-161C-43F0-9BA1-C2FE11BAD334}.Release|Mixed Platforms.ActiveCfg = Release|Any CPU
		{28D080F7-161C-43F0-9BA1-C2FE11BAD334}.Release|Mixed Platforms.Build.0 = Release|Any CPU
		{28D080F7-161C-43F0-9BA1-C2FE11BAD334}.Release|Win32.ActiveCfg = Release|Any CPU
		{36838DB7-F143-4EB0-9AA4-AB9652B51F8E}.Debug|Any CPU.ActiveCfg = Debug|Any CPU
		{36838DB7-F143-4EB0-9AA4-AB9652B51F8E}.Debug|Any CPU.Build.0 = Debug|Any CPU
		{36838DB7-F143-4EB0-9AA4-AB9652B51F8E}.Debug|Mixed Platforms.ActiveCfg = Debug|Any CPU
		{36838DB7-F143-4EB0-9AA4-AB9652B51F8E}.Debug|Mixed Platforms.Build.0 = Debug|Any CPU
		{36838DB7-F143-4EB0-9AA4-AB9652B51F8E}.Debug|Win32.ActiveCfg = Debug|Any CPU
		{36838DB7-F143-4EB0-9AA4-AB9652B51F8E}.Release|Any CPU.ActiveCfg = Release|Any CPU
		{36838DB7-F143-4EB0-9AA4-AB9652B51F8E}.Release|Any CPU.Build.0 = Release|Any CPU
		{36838DB7-F143-4EB0-9AA4-AB9652B51F8E}.Release|Mixed Platforms.ActiveCfg = Release|Any CPU
		{36838DB7-F143-4EB0-9AA4-AB9652B51F8E}.Release|Mixed Platforms.Build.0 = Release|Any CPU
		{36838DB7-F143-4EB0-9AA4-AB9652B51F8E}.Release|Win32.ActiveCfg = Release|Any CPU
		{0AB5D7F5-736A-4D5B-8E3B-750663FF7770}.Debug|Any CPU.ActiveCfg = Debug|Any CPU
		{0AB5D7F5-736A-4D5B-8E3B-750663FF7770}.Debug|Any CPU.Build.0 = Debug|Any CPU
		{0AB5D7F5-736A-4D5B-8E3B-750663FF7770}.Debug|Mixed Platforms.ActiveCfg = Debug|Any CPU
		{0AB5D7F5-736A-4D5B-8E3B-750663FF7770}.Debug|Mixed Platforms.Build.0 = Debug|Any CPU
		{0AB5D7F5-736A-4D5B-8E3B-750663FF7770}.Debug|Win32.ActiveCfg = Debug|Any CPU
		{0AB5D7F5-736A-4D5B-8E3B-750663FF7770}.Release|Any CPU.ActiveCfg = Release|Any CPU
		{0AB5D7F5-736A-4D5B-8E3B-750663FF7770}.Release|Any CPU.Build.0 = Release|Any CPU
		{0AB5D7F5-736A-4D5B-8E3B-750663FF7770}.Release|Mixed Platforms.ActiveCfg = Release|Any CPU
		{0AB5D7F5-736A-4D5B-8E3B-750663FF7770}.Release|Mixed Platforms.Build.0 = Release|Any CPU
		{0AB5D7F5-736A-4D5B-8E3B-750663FF7770}.Release|Win32.ActiveCfg = Release|Any CPU
		{F774F115-D995-46B1-AF93-1749E03AD4D3}.Debug|Any CPU.ActiveCfg = Debug|Any CPU
		{F774F115-D995-46B1-AF93-1749E03AD4D3}.Debug|Any CPU.Build.0 = Debug|Any CPU
		{F774F115-D995-46B1-AF93-1749E03AD4D3}.Debug|Mixed Platforms.ActiveCfg = Debug|Any CPU
		{F774F115-D995-46B1-AF93-1749E03AD4D3}.Debug|Mixed Platforms.Build.0 = Debug|Any CPU
		{F774F115-D995-46B1-AF93-1749E03AD4D3}.Debug|Win32.ActiveCfg = Debug|Any CPU
		{F774F115-D995-46B1-AF93-1749E03AD4D3}.Release|Any CPU.ActiveCfg = Release|Any CPU
		{F774F115-D995-46B1-AF93-1749E03AD4D3}.Release|Any CPU.Build.0 = Release|Any CPU
		{F774F115-D995-46B1-AF93-1749E03AD4D3}.Release|Mixed Platforms.ActiveCfg = Release|Any CPU
		{F774F115-D995-46B1-AF93-1749E03AD4D3}.Release|Mixed Platforms.Build.0 = Release|Any CPU
		{F774F115-D995-46B1-AF93-1749E03AD4D3}.Release|Win32.ActiveCfg = Release|Any CPU
		{315EE7BF-EAE2-42C0-BFC6-CCA9160F3CFE}.Debug|Any CPU.ActiveCfg = Debug|Any CPU
		{315EE7BF-EAE2-42C0-BFC6-CCA9160F3CFE}.Debug|Any CPU.Build.0 = Debug|Any CPU
		{315EE7BF-EAE2-42C0-BFC6-CCA9160F3CFE}.Debug|Mixed Platforms.ActiveCfg = Debug|Any CPU
		{315EE7BF-EAE2-42C0-BFC6-CCA9160F3CFE}.Debug|Mixed Platforms.Build.0 = Debug|Any CPU
		{315EE7BF-EAE2-42C0-BFC6-CCA9160F3CFE}.Debug|Win32.ActiveCfg = Debug|Any CPU
		{315EE7BF-EAE2-42C0-BFC6-CCA9160F3CFE}.Release|Any CPU.ActiveCfg = Release|Any CPU
		{315EE7BF-EAE2-42C0-BFC6-CCA9160F3CFE}.Release|Any CPU.Build.0 = Release|Any CPU
		{315EE7BF-EAE2-42C0-BFC6-CCA9160F3CFE}.Release|Mixed Platforms.ActiveCfg = Release|Any CPU
		{315EE7BF-EAE2-42C0-BFC6-CCA9160F3CFE}.Release|Mixed Platforms.Build.0 = Release|Any CPU
		{315EE7BF-EAE2-42C0-BFC6-CCA9160F3CFE}.Release|Win32.ActiveCfg = Release|Any CPU
		{FECB5BEB-AB05-454A-BB14-6A554E897274}.Debug|Any CPU.ActiveCfg = Debug|Any CPU
		{FECB5BEB-AB05-454A-BB14-6A554E897274}.Debug|Any CPU.Build.0 = Debug|Any CPU
		{FECB5BEB-AB05-454A-BB14-6A554E897274}.Debug|Mixed Platforms.ActiveCfg = Debug|Any CPU
		{FECB5BEB-AB05-454A-BB14-6A554E897274}.Debug|Mixed Platforms.Build.0 = Debug|Any CPU
		{FECB5BEB-AB05-454A-BB14-6A554E897274}.Debug|Win32.ActiveCfg = Debug|Any CPU
		{FECB5BEB-AB05-454A-BB14-6A554E897274}.Release|Any CPU.ActiveCfg = Release|Any CPU
		{FECB5BEB-AB05-454A-BB14-6A554E897274}.Release|Any CPU.Build.0 = Release|Any CPU
		{FECB5BEB-AB05-454A-BB14-6A554E897274}.Release|Mixed Platforms.ActiveCfg = Release|Any CPU
		{FECB5BEB-AB05-454A-BB14-6A554E897274}.Release|Mixed Platforms.Build.0 = Release|Any CPU
		{FECB5BEB-AB05-454A-BB14-6A554E897274}.Release|Win32.ActiveCfg = Release|Any CPU
		{1904A41B-D1B8-40E5-ADBB-728DDCF7C816}.Debug|Any CPU.ActiveCfg = Debug|Any CPU
		{1904A41B-D1B8-40E5-ADBB-728DDCF7C816}.Debug|Any CPU.Build.0 = Debug|Any CPU
		{1904A41B-D1B8-40E5-ADBB-728DDCF7C816}.Debug|Mixed Platforms.ActiveCfg = Debug|Any CPU
		{1904A41B-D1B8-40E5-ADBB-728DDCF7C816}.Debug|Mixed Platforms.Build.0 = Debug|Any CPU
		{1904A41B-D1B8-40E5-ADBB-728DDCF7C816}.Debug|Win32.ActiveCfg = Debug|Any CPU
		{1904A41B-D1B8-40E5-ADBB-728DDCF7C816}.Release|Any CPU.ActiveCfg = Release|Any CPU
		{1904A41B-D1B8-40E5-ADBB-728DDCF7C816}.Release|Any CPU.Build.0 = Release|Any CPU
		{1904A41B-D1B8-40E5-ADBB-728DDCF7C816}.Release|Mixed Platforms.ActiveCfg = Release|Any CPU
		{1904A41B-D1B8-40E5-ADBB-728DDCF7C816}.Release|Mixed Platforms.Build.0 = Release|Any CPU
		{1904A41B-D1B8-40E5-ADBB-728DDCF7C816}.Release|Win32.ActiveCfg = Release|Any CPU
	EndGlobalSection
	GlobalSection(SolutionProperties) = preSolution
		HideSolutionNode = FALSE
	EndGlobalSection
EndGlobal
